
Microsoft Visual Studio Solution File, Format Version 12.00
# Visual Studio 15
VisualStudioVersion = 15.0.27703.2047
MinimumVisualStudioVersion = 10.0.40219.1
Project("{FAE04EC0-301F-11D3-BF4B-00C04F79EFBC}") = "WindowsFormsApp2", "WindowsFormsApp2\WindowsFormsApp2.csproj", "{59FA4A93-05F4-43B2-A897-EE7A84E97487}"
EndProject
Global
	GlobalSection(SolutionConfigurationPlatforms) = preSolution
		Debug|Any CPU = Debug|Any CPU
		Release|Any CPU = Release|Any CPU
	EndGlobalSection
	GlobalSection(ProjectConfigurationPlatforms) = postSolution
		{59FA4A93-05F4-43B2-A897-EE7A84E97487}.Debug|Any CPU.ActiveCfg = Debug|Any CPU
		{59FA4A93-05F4-43B2-A897-EE7A84E97487}.Debug|Any CPU.Build.0 = Debug|Any CPU
		{59FA4A93-05F4-43B2-A897-EE7A84E97487}.Release|Any CPU.ActiveCfg = Release|Any CPU
		{59FA4A93-05F4-43B2-A897-EE7A84E97487}.Release|Any CPU.Build.0 = Release|Any CPU
	EndGlobalSection
	GlobalSection(SolutionProperties) = preSolution
		HideSolutionNode = FALSE
	EndGlobalSection
	GlobalSection(ExtensibilityGlobals) = postSolution
		SolutionGuid = {64B6E42A-3CE0-4529-9275-F8A70CB01CC3}
	EndGlobalSection
EndGlobal
